// !$*UTF8*$!
{
	archiveVersion = 1;
	classes = {
	};
	objectVersion = 50;
	objects = {

/* Begin PBXBuildFile section */
		453A0B9A2573374B00E324BE /* Recipe.swift in Sources */ = {isa = PBXBuildFile; fileRef = 453A0B992573374B00E324BE /* Recipe.swift */; };
		45445D93256E326300FCD807 /* AppDelegate.swift in Sources */ = {isa = PBXBuildFile; fileRef = 45445D92256E326300FCD807 /* AppDelegate.swift */; };
		45445D95256E326300FCD807 /* SceneDelegate.swift in Sources */ = {isa = PBXBuildFile; fileRef = 45445D94256E326300FCD807 /* SceneDelegate.swift */; };
		45445D97256E326300FCD807 /* RecipeViewController.swift in Sources */ = {isa = PBXBuildFile; fileRef = 45445D96256E326300FCD807 /* RecipeViewController.swift */; };
		45445D9A256E326300FCD807 /* Main.storyboard in Resources */ = {isa = PBXBuildFile; fileRef = 45445D98256E326300FCD807 /* Main.storyboard */; };
		45445D9C256E326E00FCD807 /* Assets.xcassets in Resources */ = {isa = PBXBuildFile; fileRef = 45445D9B256E326E00FCD807 /* Assets.xcassets */; };
		45445D9F256E326E00FCD807 /* LaunchScreen.storyboard in Resources */ = {isa = PBXBuildFile; fileRef = 45445D9D256E326E00FCD807 /* LaunchScreen.storyboard */; };
		45445DC9256E6DB900FCD807 /* UIPreferenceButton.swift in Sources */ = {isa = PBXBuildFile; fileRef = 45445DC8256E6DB900FCD807 /* UIPreferenceButton.swift */; };
		455F7801256F914B00137897 /* Colours.swift in Sources */ = {isa = PBXBuildFile; fileRef = 455F7800256F914A00137897 /* Colours.swift */; };
		45666B4E257FE4D40095ABEF /* RecipeStepDetailsViewController.swift in Sources */ = {isa = PBXBuildFile; fileRef = 45666B4D257FE4D30095ABEF /* RecipeStepDetailsViewController.swift */; };
		45666B582582316A0095ABEF /* timer.mp3 in Resources */ = {isa = PBXBuildFile; fileRef = 45666B572582316A0095ABEF /* timer.mp3 */; };
		4575AC52256FA799006CF008 /* RecipeCollectionViewCell.swift in Sources */ = {isa = PBXBuildFile; fileRef = 4575AC51256FA799006CF008 /* RecipeCollectionViewCell.swift */; };
		459BFA8D2579F0B2006FAA91 /* RecipeIngredientsViewController.swift in Sources */ = {isa = PBXBuildFile; fileRef = 459BFA8C2579F0B2006FAA91 /* RecipeIngredientsViewController.swift */; };
		45AB097525720DB500C926A1 /* RecipeSearchViewController.swift in Sources */ = {isa = PBXBuildFile; fileRef = 45AB097425720DB500C926A1 /* RecipeSearchViewController.swift */; };
		45AB097925721FD000C926A1 /* RecipeDetailsViewController.swift in Sources */ = {isa = PBXBuildFile; fileRef = 45AB097825721FD000C926A1 /* RecipeDetailsViewController.swift */; };
		45BC7CAF2584E7C800DDB6D8 /* API Keys.swift in Sources */ = {isa = PBXBuildFile; fileRef = 45BC7CAE2584E7C800DDB6D8 /* API Keys.swift */; };
		482124792570BF8C00EE5F9D /* PreferencesViewController.swift in Sources */ = {isa = PBXBuildFile; fileRef = 482124782570BF8C00EE5F9D /* PreferencesViewController.swift */; };
		4821247C2570C21E00EE5F9D /* GetStartedViewController.swift in Sources */ = {isa = PBXBuildFile; fileRef = 4821247B2570C21E00EE5F9D /* GetStartedViewController.swift */; };
		488FF55A257B358A00FAFEAF /* RecipeStepsViewController.swift in Sources */ = {isa = PBXBuildFile; fileRef = 488FF559257B358900FAFEAF /* RecipeStepsViewController.swift */; };
		488FF560257BC83000FAFEAF /* FinishRecipeViewController.swift in Sources */ = {isa = PBXBuildFile; fileRef = 488FF55F257BC83000FAFEAF /* FinishRecipeViewController.swift */; };
		488FF565257BC86000FAFEAF /* HealthKit.framework in Frameworks */ = {isa = PBXBuildFile; fileRef = 488FF564257BC86000FAFEAF /* HealthKit.framework */; };
		48F7B5562584D5B0003AC9F5 /* .gitignore in Resources */ = {isa = PBXBuildFile; fileRef = 48F7B5552584D5B0003AC9F5 /* .gitignore */; };
/* End PBXBuildFile section */

/* Begin PBXFileReference section */
		453A0B992573374B00E324BE /* Recipe.swift */ = {isa = PBXFileReference; lastKnownFileType = sourcecode.swift; path = Recipe.swift; sourceTree = "<group>"; };
		45445D8F256E326300FCD807 /* Recipe App.app */ = {isa = PBXFileReference; explicitFileType = wrapper.application; includeInIndex = 0; path = "Recipe App.app"; sourceTree = BUILT_PRODUCTS_DIR; };
		45445D92256E326300FCD807 /* AppDelegate.swift */ = {isa = PBXFileReference; lastKnownFileType = sourcecode.swift; path = AppDelegate.swift; sourceTree = "<group>"; };
		45445D94256E326300FCD807 /* SceneDelegate.swift */ = {isa = PBXFileReference; lastKnownFileType = sourcecode.swift; path = SceneDelegate.swift; sourceTree = "<group>"; };
		45445D96256E326300FCD807 /* RecipeViewController.swift */ = {isa = PBXFileReference; lastKnownFileType = sourcecode.swift; path = RecipeViewController.swift; sourceTree = "<group>"; };
		45445D99256E326300FCD807 /* Base */ = {isa = PBXFileReference; lastKnownFileType = file.storyboard; name = Base; path = Base.lproj/Main.storyboard; sourceTree = "<group>"; };
		45445D9B256E326E00FCD807 /* Assets.xcassets */ = {isa = PBXFileReference; lastKnownFileType = folder.assetcatalog; path = Assets.xcassets; sourceTree = "<group>"; };
		45445D9E256E326E00FCD807 /* Base */ = {isa = PBXFileReference; lastKnownFileType = file.storyboard; name = Base; path = Base.lproj/LaunchScreen.storyboard; sourceTree = "<group>"; };
		45445DA0256E326E00FCD807 /* Info.plist */ = {isa = PBXFileReference; lastKnownFileType = text.plist.xml; path = Info.plist; sourceTree = "<group>"; };
		45445DC8256E6DB900FCD807 /* UIPreferenceButton.swift */ = {isa = PBXFileReference; lastKnownFileType = sourcecode.swift; path = UIPreferenceButton.swift; sourceTree = "<group>"; };
		455F7800256F914A00137897 /* Colours.swift */ = {isa = PBXFileReference; lastKnownFileType = sourcecode.swift; path = Colours.swift; sourceTree = "<group>"; };
		45666B4D257FE4D30095ABEF /* RecipeStepDetailsViewController.swift */ = {isa = PBXFileReference; fileEncoding = 4; lastKnownFileType = sourcecode.swift; path = RecipeStepDetailsViewController.swift; sourceTree = "<group>"; };
		45666B572582316A0095ABEF /* timer.mp3 */ = {isa = PBXFileReference; lastKnownFileType = audio.mp3; path = timer.mp3; sourceTree = "<group>"; };
		4575AC51256FA799006CF008 /* RecipeCollectionViewCell.swift */ = {isa = PBXFileReference; lastKnownFileType = sourcecode.swift; path = RecipeCollectionViewCell.swift; sourceTree = "<group>"; };
		459BFA8C2579F0B2006FAA91 /* RecipeIngredientsViewController.swift */ = {isa = PBXFileReference; lastKnownFileType = sourcecode.swift; path = RecipeIngredientsViewController.swift; sourceTree = "<group>"; };
		45AB097425720DB500C926A1 /* RecipeSearchViewController.swift */ = {isa = PBXFileReference; lastKnownFileType = sourcecode.swift; path = RecipeSearchViewController.swift; sourceTree = "<group>"; };
		45AB097825721FD000C926A1 /* RecipeDetailsViewController.swift */ = {isa = PBXFileReference; lastKnownFileType = sourcecode.swift; path = RecipeDetailsViewController.swift; sourceTree = "<group>"; };
		45BC7CAE2584E7C800DDB6D8 /* API Keys.swift */ = {isa = PBXFileReference; lastKnownFileType = sourcecode.swift; path = "API Keys.swift"; sourceTree = "<group>"; };
		482124782570BF8C00EE5F9D /* PreferencesViewController.swift */ = {isa = PBXFileReference; lastKnownFileType = sourcecode.swift; path = PreferencesViewController.swift; sourceTree = "<group>"; };
		4821247B2570C21E00EE5F9D /* GetStartedViewController.swift */ = {isa = PBXFileReference; lastKnownFileType = sourcecode.swift; path = GetStartedViewController.swift; sourceTree = "<group>"; };
		488FF559257B358900FAFEAF /* RecipeStepsViewController.swift */ = {isa = PBXFileReference; lastKnownFileType = sourcecode.swift; path = RecipeStepsViewController.swift; sourceTree = "<group>"; };
		488FF55F257BC83000FAFEAF /* FinishRecipeViewController.swift */ = {isa = PBXFileReference; lastKnownFileType = sourcecode.swift; path = FinishRecipeViewController.swift; sourceTree = "<group>"; };
		488FF562257BC85F00FAFEAF /* Recipe App.entitlements */ = {isa = PBXFileReference; lastKnownFileType = text.plist.entitlements; path = "Recipe App.entitlements"; sourceTree = "<group>"; };
		488FF564257BC86000FAFEAF /* HealthKit.framework */ = {isa = PBXFileReference; lastKnownFileType = wrapper.framework; name = HealthKit.framework; path = System/Library/Frameworks/HealthKit.framework; sourceTree = SDKROOT; };
		48F7B5552584D5B0003AC9F5 /* .gitignore */ = {isa = PBXFileReference; lastKnownFileType = text; path = .gitignore; sourceTree = "<group>"; };
/* End PBXFileReference section */

/* Begin PBXFrameworksBuildPhase section */
		45445D8C256E326300FCD807 /* Frameworks */ = {
			isa = PBXFrameworksBuildPhase;
			buildActionMask = 2147483647;
			files = (
				488FF565257BC86000FAFEAF /* HealthKit.framework in Frameworks */,
			);
			runOnlyForDeploymentPostprocessing = 0;
		};
/* End PBXFrameworksBuildPhase section */

/* Begin PBXGroup section */
		45445D86256E326200FCD807 = {
			isa = PBXGroup;
			children = (
				48F7B5552584D5B0003AC9F5 /* .gitignore */,
				45445D91256E326300FCD807 /* Recipe App */,
				45445D90256E326300FCD807 /* Products */,
				488FF563257BC86000FAFEAF /* Frameworks */,
			);
			sourceTree = "<group>";
		};
		45445D90256E326300FCD807 /* Products */ = {
			isa = PBXGroup;
			children = (
				45445D8F256E326300FCD807 /* Recipe App.app */,
			);
			name = Products;
			sourceTree = "<group>";
		};
		45445D91256E326300FCD807 /* Recipe App */ = {
			isa = PBXGroup;
			children = (
				488FF562257BC85F00FAFEAF /* Recipe App.entitlements */,
				45445D92256E326300FCD807 /* AppDelegate.swift */,
				45445D94256E326300FCD807 /* SceneDelegate.swift */,
				45445D9D256E326E00FCD807 /* LaunchScreen.storyboard */,
				45445D98256E326300FCD807 /* Main.storyboard */,
				45BC7CAE2584E7C800DDB6D8 /* API Keys.swift */,
				453A0B992573374B00E324BE /* Recipe.swift */,
				455F7800256F914A00137897 /* Colours.swift */,
				45445DC8256E6DB900FCD807 /* UIPreferenceButton.swift */,
				FAFF5266257E1FD40033552F /* Settings */,
				FAFF5267257E1FDA0033552F /* Recipes */,
				45445D9B256E326E00FCD807 /* Assets.xcassets */,
				45666B572582316A0095ABEF /* timer.mp3 */,
				45445DA0256E326E00FCD807 /* Info.plist */,
			);
			path = "Recipe App";
			sourceTree = "<group>";
		};
		488FF563257BC86000FAFEAF /* Frameworks */ = {
			isa = PBXGroup;
			children = (
				488FF564257BC86000FAFEAF /* HealthKit.framework */,
			);
			name = Frameworks;
			sourceTree = "<group>";
		};
		FAFF5266257E1FD40033552F /* Settings */ = {
			isa = PBXGroup;
			children = (
				4821247B2570C21E00EE5F9D /* GetStartedViewController.swift */,
				482124782570BF8C00EE5F9D /* PreferencesViewController.swift */,
			);
			path = Settings;
			sourceTree = "<group>";
		};
		FAFF5267257E1FDA0033552F /* Recipes */ = {
			isa = PBXGroup;
			children = (
				45445D96256E326300FCD807 /* RecipeViewController.swift */,
				45AB097425720DB500C926A1 /* RecipeSearchViewController.swift */,
				4575AC51256FA799006CF008 /* RecipeCollectionViewCell.swift */,
				FAFF5268257E200C0033552F /* Each Recipe */,
			);
			path = Recipes;
			sourceTree = "<group>";
		};
		FAFF5268257E200C0033552F /* Each Recipe */ = {
			isa = PBXGroup;
			children = (
				45AB097825721FD000C926A1 /* RecipeDetailsViewController.swift */,
				459BFA8C2579F0B2006FAA91 /* RecipeIngredientsViewController.swift */,
				488FF559257B358900FAFEAF /* RecipeStepsViewController.swift */,
				45666B4D257FE4D30095ABEF /* RecipeStepDetailsViewController.swift */,
				488FF55F257BC83000FAFEAF /* FinishRecipeViewController.swift */,
			);
			path = "Each Recipe";
			sourceTree = "<group>";
		};
/* End PBXGroup section */

/* Begin PBXNativeTarget section */
		45445D8E256E326300FCD807 /* Recipe App */ = {
			isa = PBXNativeTarget;
			buildConfigurationList = 45445DA3256E326E00FCD807 /* Build configuration list for PBXNativeTarget "Recipe App" */;
			buildPhases = (
				45445D8B256E326300FCD807 /* Sources */,
				45445D8C256E326300FCD807 /* Frameworks */,
				45445D8D256E326300FCD807 /* Resources */,
			);
			buildRules = (
			);
			dependencies = (
			);
			name = "Recipe App";
			productName = "Recipe App";
			productReference = 45445D8F256E326300FCD807 /* Recipe App.app */;
			productType = "com.apple.product-type.application";
		};
/* End PBXNativeTarget section */

/* Begin PBXProject section */
		45445D87256E326300FCD807 /* Project object */ = {
			isa = PBXProject;
			attributes = {
				LastSwiftUpdateCheck = 1220;
				LastUpgradeCheck = 1220;
				TargetAttributes = {
					45445D8E256E326300FCD807 = {
						CreatedOnToolsVersion = 12.2;
					};
				};
			};
			buildConfigurationList = 45445D8A256E326300FCD807 /* Build configuration list for PBXProject "Recipe App" */;
			compatibilityVersion = "Xcode 9.3";
			developmentRegion = en;
			hasScannedForEncodings = 0;
			knownRegions = (
				en,
				Base,
			);
			mainGroup = 45445D86256E326200FCD807;
			productRefGroup = 45445D90256E326300FCD807 /* Products */;
			projectDirPath = "";
			projectRoot = "";
			targets = (
				45445D8E256E326300FCD807 /* Recipe App */,
			);
		};
/* End PBXProject section */

/* Begin PBXResourcesBuildPhase section */
		45445D8D256E326300FCD807 /* Resources */ = {
			isa = PBXResourcesBuildPhase;
			buildActionMask = 2147483647;
			files = (
				48F7B5562584D5B0003AC9F5 /* .gitignore in Resources */,
				45666B582582316A0095ABEF /* timer.mp3 in Resources */,
				45445D9F256E326E00FCD807 /* LaunchScreen.storyboard in Resources */,
				45445D9C256E326E00FCD807 /* Assets.xcassets in Resources */,
				45445D9A256E326300FCD807 /* Main.storyboard in Resources */,
			);
			runOnlyForDeploymentPostprocessing = 0;
		};
/* End PBXResourcesBuildPhase section */

/* Begin PBXSourcesBuildPhase section */
		45445D8B256E326300FCD807 /* Sources */ = {
			isa = PBXSourcesBuildPhase;
			buildActionMask = 2147483647;
			files = (
				4575AC52256FA799006CF008 /* RecipeCollectionViewCell.swift in Sources */,
				45445DC9256E6DB900FCD807 /* UIPreferenceButton.swift in Sources */,
				455F7801256F914B00137897 /* Colours.swift in Sources */,
				45AB097925721FD000C926A1 /* RecipeDetailsViewController.swift in Sources */,
				45AB097525720DB500C926A1 /* RecipeSearchViewController.swift in Sources */,
				459BFA8D2579F0B2006FAA91 /* RecipeIngredientsViewController.swift in Sources */,
				45445D97256E326300FCD807 /* RecipeViewController.swift in Sources */,
				482124792570BF8C00EE5F9D /* PreferencesViewController.swift in Sources */,
				488FF560257BC83000FAFEAF /* FinishRecipeViewController.swift in Sources */,
				45445D93256E326300FCD807 /* AppDelegate.swift in Sources */,
				488FF55A257B358A00FAFEAF /* RecipeStepsViewController.swift in Sources */,
				45666B4E257FE4D40095ABEF /* RecipeStepDetailsViewController.swift in Sources */,
				45445D95256E326300FCD807 /* SceneDelegate.swift in Sources */,
				4821247C2570C21E00EE5F9D /* GetStartedViewController.swift in Sources */,
				453A0B9A2573374B00E324BE /* Recipe.swift in Sources */,
				45BC7CAF2584E7C800DDB6D8 /* API Keys.swift in Sources */,
			);
			runOnlyForDeploymentPostprocessing = 0;
		};
/* End PBXSourcesBuildPhase section */

/* Begin PBXVariantGroup section */
		45445D98256E326300FCD807 /* Main.storyboard */ = {
			isa = PBXVariantGroup;
			children = (
				45445D99256E326300FCD807 /* Base */,
			);
			name = Main.storyboard;
			sourceTree = "<group>";
		};
		45445D9D256E326E00FCD807 /* LaunchScreen.storyboard */ = {
			isa = PBXVariantGroup;
			children = (
				45445D9E256E326E00FCD807 /* Base */,
			);
			name = LaunchScreen.storyboard;
			sourceTree = "<group>";
		};
/* End PBXVariantGroup section */

/* Begin XCBuildConfiguration section */
		45445DA1256E326E00FCD807 /* Debug */ = {
			isa = XCBuildConfiguration;
			buildSettings = {
				ALWAYS_SEARCH_USER_PATHS = NO;
				CLANG_ANALYZER_NONNULL = YES;
				CLANG_ANALYZER_NUMBER_OBJECT_CONVERSION = YES_AGGRESSIVE;
				CLANG_CXX_LANGUAGE_STANDARD = "gnu++14";
				CLANG_CXX_LIBRARY = "libc++";
				CLANG_ENABLE_MODULES = YES;
				CLANG_ENABLE_OBJC_ARC = YES;
				CLANG_ENABLE_OBJC_WEAK = YES;
				CLANG_WARN_BLOCK_CAPTURE_AUTORELEASING = YES;
				CLANG_WARN_BOOL_CONVERSION = YES;
				CLANG_WARN_COMMA = YES;
				CLANG_WARN_CONSTANT_CONVERSION = YES;
				CLANG_WARN_DEPRECATED_OBJC_IMPLEMENTATIONS = YES;
				CLANG_WARN_DIRECT_OBJC_ISA_USAGE = YES_ERROR;
				CLANG_WARN_DOCUMENTATION_COMMENTS = YES;
				CLANG_WARN_EMPTY_BODY = YES;
				CLANG_WARN_ENUM_CONVERSION = YES;
				CLANG_WARN_INFINITE_RECURSION = YES;
				CLANG_WARN_INT_CONVERSION = YES;
				CLANG_WARN_NON_LITERAL_NULL_CONVERSION = YES;
				CLANG_WARN_OBJC_IMPLICIT_RETAIN_SELF = YES;
				CLANG_WARN_OBJC_LITERAL_CONVERSION = YES;
				CLANG_WARN_OBJC_ROOT_CLASS = YES_ERROR;
				CLANG_WARN_QUOTED_INCLUDE_IN_FRAMEWORK_HEADER = YES;
				CLANG_WARN_RANGE_LOOP_ANALYSIS = YES;
				CLANG_WARN_STRICT_PROTOTYPES = YES;
				CLANG_WARN_SUSPICIOUS_MOVE = YES;
				CLANG_WARN_UNGUARDED_AVAILABILITY = YES_AGGRESSIVE;
				CLANG_WARN_UNREACHABLE_CODE = YES;
				CLANG_WARN__DUPLICATE_METHOD_MATCH = YES;
				COPY_PHASE_STRIP = NO;
				DEBUG_INFORMATION_FORMAT = dwarf;
				ENABLE_STRICT_OBJC_MSGSEND = YES;
				ENABLE_TESTABILITY = YES;
				GCC_C_LANGUAGE_STANDARD = gnu11;
				GCC_DYNAMIC_NO_PIC = NO;
				GCC_NO_COMMON_BLOCKS = YES;
				GCC_OPTIMIZATION_LEVEL = 0;
				GCC_PREPROCESSOR_DEFINITIONS = (
					"DEBUG=1",
					"$(inherited)",
				);
				GCC_WARN_64_TO_32_BIT_CONVERSION = YES;
				GCC_WARN_ABOUT_RETURN_TYPE = YES_ERROR;
				GCC_WARN_UNDECLARED_SELECTOR = YES;
				GCC_WARN_UNINITIALIZED_AUTOS = YES_AGGRESSIVE;
				GCC_WARN_UNUSED_FUNCTION = YES;
				GCC_WARN_UNUSED_VARIABLE = YES;
				IPHONEOS_DEPLOYMENT_TARGET = 14.2;
				MTL_ENABLE_DEBUG_INFO = INCLUDE_SOURCE;
				MTL_FAST_MATH = YES;
				ONLY_ACTIVE_ARCH = YES;
				SDKROOT = iphoneos;
				SWIFT_ACTIVE_COMPILATION_CONDITIONS = DEBUG;
				SWIFT_OPTIMIZATION_LEVEL = "-Onone";
			};
			name = Debug;
		};
		45445DA2256E326E00FCD807 /* Release */ = {
			isa = XCBuildConfiguration;
			buildSettings = {
				ALWAYS_SEARCH_USER_PATHS = NO;
				CLANG_ANALYZER_NONNULL = YES;
				CLANG_ANALYZER_NUMBER_OBJECT_CONVERSION = YES_AGGRESSIVE;
				CLANG_CXX_LANGUAGE_STANDARD = "gnu++14";
				CLANG_CXX_LIBRARY = "libc++";
				CLANG_ENABLE_MODULES = YES;
				CLANG_ENABLE_OBJC_ARC = YES;
				CLANG_ENABLE_OBJC_WEAK = YES;
				CLANG_WARN_BLOCK_CAPTURE_AUTORELEASING = YES;
				CLANG_WARN_BOOL_CONVERSION = YES;
				CLANG_WARN_COMMA = YES;
				CLANG_WARN_CONSTANT_CONVERSION = YES;
				CLANG_WARN_DEPRECATED_OBJC_IMPLEMENTATIONS = YES;
				CLANG_WARN_DIRECT_OBJC_ISA_USAGE = YES_ERROR;
				CLANG_WARN_DOCUMENTATION_COMMENTS = YES;
				CLANG_WARN_EMPTY_BODY = YES;
				CLANG_WARN_ENUM_CONVERSION = YES;
				CLANG_WARN_INFINITE_RECURSION = YES;
				CLANG_WARN_INT_CONVERSION = YES;
				CLANG_WARN_NON_LITERAL_NULL_CONVERSION = YES;
				CLANG_WARN_OBJC_IMPLICIT_RETAIN_SELF = YES;
				CLANG_WARN_OBJC_LITERAL_CONVERSION = YES;
				CLANG_WARN_OBJC_ROOT_CLASS = YES_ERROR;
				CLANG_WARN_QUOTED_INCLUDE_IN_FRAMEWORK_HEADER = YES;
				CLANG_WARN_RANGE_LOOP_ANALYSIS = YES;
				CLANG_WARN_STRICT_PROTOTYPES = YES;
				CLANG_WARN_SUSPICIOUS_MOVE = YES;
				CLANG_WARN_UNGUARDED_AVAILABILITY = YES_AGGRESSIVE;
				CLANG_WARN_UNREACHABLE_CODE = YES;
				CLANG_WARN__DUPLICATE_METHOD_MATCH = YES;
				COPY_PHASE_STRIP = NO;
				DEBUG_INFORMATION_FORMAT = "dwarf-with-dsym";
				ENABLE_NS_ASSERTIONS = NO;
				ENABLE_STRICT_OBJC_MSGSEND = YES;
				GCC_C_LANGUAGE_STANDARD = gnu11;
				GCC_NO_COMMON_BLOCKS = YES;
				GCC_WARN_64_TO_32_BIT_CONVERSION = YES;
				GCC_WARN_ABOUT_RETURN_TYPE = YES_ERROR;
				GCC_WARN_UNDECLARED_SELECTOR = YES;
				GCC_WARN_UNINITIALIZED_AUTOS = YES_AGGRESSIVE;
				GCC_WARN_UNUSED_FUNCTION = YES;
				GCC_WARN_UNUSED_VARIABLE = YES;
				IPHONEOS_DEPLOYMENT_TARGET = 14.2;
				MTL_ENABLE_DEBUG_INFO = NO;
				MTL_FAST_MATH = YES;
				SDKROOT = iphoneos;
				SWIFT_COMPILATION_MODE = wholemodule;
				SWIFT_OPTIMIZATION_LEVEL = "-O";
				VALIDATE_PRODUCT = YES;
			};
			name = Release;
		};
		45445DA4256E326E00FCD807 /* Debug */ = {
			isa = XCBuildConfiguration;
			buildSettings = {
				ASSETCATALOG_COMPILER_APPICON_NAME = AppIcon;
				ASSETCATALOG_COMPILER_GLOBAL_ACCENT_COLOR_NAME = AccentColor;
				CODE_SIGN_ENTITLEMENTS = "Recipe App/Recipe App.entitlements";
				CODE_SIGN_IDENTITY = "Apple Development";
				CODE_SIGN_STYLE = Automatic;
				CURRENT_PROJECT_VERSION = 3;
				DEVELOPMENT_TEAM = XL5JK4F896;
				INFOPLIST_FILE = "Recipe App/Info.plist";
				LD_RUNPATH_SEARCH_PATHS = (
					"$(inherited)",
					"@executable_path/Frameworks",
				);
				PRODUCT_BUNDLE_IDENTIFIER = sg.tk.2020.recipeapp;
				PRODUCT_NAME = "$(TARGET_NAME)";
				PROVISIONING_PROFILE_SPECIFIER = "";
				SWIFT_VERSION = 5.0;
				TARGETED_DEVICE_FAMILY = "1,2";
			};
			name = Debug;
		};
		45445DA5256E326E00FCD807 /* Release */ = {
			isa = XCBuildConfiguration;
			buildSettings = {
				ASSETCATALOG_COMPILER_APPICON_NAME = AppIcon;
				ASSETCATALOG_COMPILER_GLOBAL_ACCENT_COLOR_NAME = AccentColor;
				CODE_SIGN_ENTITLEMENTS = "Recipe App/Recipe App.entitlements";
				CODE_SIGN_IDENTITY = "Apple Development";
				CODE_SIGN_STYLE = Automatic;
				CURRENT_PROJECT_VERSION = 3;
				DEVELOPMENT_TEAM = XL5JK4F896;
				INFOPLIST_FILE = "Recipe App/Info.plist";
				LD_RUNPATH_SEARCH_PATHS = (
					"$(inherited)",
					"@executable_path/Frameworks",
				);
				PRODUCT_BUNDLE_IDENTIFIER = sg.tk.2020.recipeapp;
				PRODUCT_NAME = "$(TARGET_NAME)";
				PROVISIONING_PROFILE_SPECIFIER = "";
				SWIFT_VERSION = 5.0;
				TARGETED_DEVICE_FAMILY = "1,2";
			};
			name = Release;
		};
/* End XCBuildConfiguration section */

/* Begin XCConfigurationList section */
		45445D8A256E326300FCD807 /* Build configuration list for PBXProject "Recipe App" */ = {
			isa = XCConfigurationList;
			buildConfigurations = (
				45445DA1256E326E00FCD807 /* Debug */,
				45445DA2256E326E00FCD807 /* Release */,
			);
			defaultConfigurationIsVisible = 0;
			defaultConfigurationName = Release;
		};
		45445DA3256E326E00FCD807 /* Build configuration list for PBXNativeTarget "Recipe App" */ = {
			isa = XCConfigurationList;
			buildConfigurations = (
				45445DA4256E326E00FCD807 /* Debug */,
				45445DA5256E326E00FCD807 /* Release */,
			);
			defaultConfigurationIsVisible = 0;
			defaultConfigurationName = Release;
		};
/* End XCConfigurationList section */
	};
	rootObject = 45445D87256E326300FCD807 /* Project object */;
}
