// !$*UTF8*$!
{
	archiveVersion = 1;
	classes = {
	};
	objectVersion = 50;
	objects = {

/* Begin PBXBuildFile section */
		0144DEA8B93D2DFB9120FD55 /* Pods_Recipe_App.framework in Frameworks */ = {isa = PBXBuildFile; fileRef = 3029D660D318EA31437893AD /* Pods_Recipe_App.framework */; };
		453A0B9A2573374B00E324BE /* Recipe.swift in Sources */ = {isa = PBXBuildFile; fileRef = 453A0B992573374B00E324BE /* Recipe.swift */; };
		453A0B9D2573428100E324BE /* API Keys.swift in Sources */ = {isa = PBXBuildFile; fileRef = 453A0B9C2573428000E324BE /* API Keys.swift */; };
		45445D93256E326300FCD807 /* AppDelegate.swift in Sources */ = {isa = PBXBuildFile; fileRef = 45445D92256E326300FCD807 /* AppDelegate.swift */; };
		45445D95256E326300FCD807 /* SceneDelegate.swift in Sources */ = {isa = PBXBuildFile; fileRef = 45445D94256E326300FCD807 /* SceneDelegate.swift */; };
		45445D97256E326300FCD807 /* RecipeViewController.swift in Sources */ = {isa = PBXBuildFile; fileRef = 45445D96256E326300FCD807 /* RecipeViewController.swift */; };
		45445D9A256E326300FCD807 /* Main.storyboard in Resources */ = {isa = PBXBuildFile; fileRef = 45445D98256E326300FCD807 /* Main.storyboard */; };
		45445D9C256E326E00FCD807 /* Assets.xcassets in Resources */ = {isa = PBXBuildFile; fileRef = 45445D9B256E326E00FCD807 /* Assets.xcassets */; };
		45445D9F256E326E00FCD807 /* LaunchScreen.storyboard in Resources */ = {isa = PBXBuildFile; fileRef = 45445D9D256E326E00FCD807 /* LaunchScreen.storyboard */; };
		45445DC9256E6DB900FCD807 /* UIPreferenceButton.swift in Sources */ = {isa = PBXBuildFile; fileRef = 45445DC8256E6DB900FCD807 /* UIPreferenceButton.swift */; };
		455F7801256F914B00137897 /* Colours.swift in Sources */ = {isa = PBXBuildFile; fileRef = 455F7800256F914A00137897 /* Colours.swift */; };
		4575AC52256FA799006CF008 /* RecipeCollectionViewCell.swift in Sources */ = {isa = PBXBuildFile; fileRef = 4575AC51256FA799006CF008 /* RecipeCollectionViewCell.swift */; };
		45AB097525720DB500C926A1 /* RecipeSearchViewController.swift in Sources */ = {isa = PBXBuildFile; fileRef = 45AB097425720DB500C926A1 /* RecipeSearchViewController.swift */; };
		45AB097925721FD000C926A1 /* RecipeDetailsViewController.swift in Sources */ = {isa = PBXBuildFile; fileRef = 45AB097825721FD000C926A1 /* RecipeDetailsViewController.swift */; };
		482124792570BF8C00EE5F9D /* PreferencesViewController.swift in Sources */ = {isa = PBXBuildFile; fileRef = 482124782570BF8C00EE5F9D /* PreferencesViewController.swift */; };
		4821247C2570C21E00EE5F9D /* GetStartedViewController.swift in Sources */ = {isa = PBXBuildFile; fileRef = 4821247B2570C21E00EE5F9D /* GetStartedViewController.swift */; };
/* End PBXBuildFile section */

/* Begin PBXFileReference section */
		3029D660D318EA31437893AD /* Pods_Recipe_App.framework */ = {isa = PBXFileReference; explicitFileType = wrapper.framework; includeInIndex = 0; path = Pods_Recipe_App.framework; sourceTree = BUILT_PRODUCTS_DIR; };
		453A0B992573374B00E324BE /* Recipe.swift */ = {isa = PBXFileReference; lastKnownFileType = sourcecode.swift; path = Recipe.swift; sourceTree = "<group>"; };
		453A0B9C2573428000E324BE /* API Keys.swift */ = {isa = PBXFileReference; lastKnownFileType = sourcecode.swift; path = "API Keys.swift"; sourceTree = "<group>"; };
		45445D8F256E326300FCD807 /* Recipe App.app */ = {isa = PBXFileReference; explicitFileType = wrapper.application; includeInIndex = 0; path = "Recipe App.app"; sourceTree = BUILT_PRODUCTS_DIR; };
		45445D92256E326300FCD807 /* AppDelegate.swift */ = {isa = PBXFileReference; lastKnownFileType = sourcecode.swift; path = AppDelegate.swift; sourceTree = "<group>"; };
		45445D94256E326300FCD807 /* SceneDelegate.swift */ = {isa = PBXFileReference; lastKnownFileType = sourcecode.swift; path = SceneDelegate.swift; sourceTree = "<group>"; };
		45445D96256E326300FCD807 /* RecipeViewController.swift */ = {isa = PBXFileReference; lastKnownFileType = sourcecode.swift; path = RecipeViewController.swift; sourceTree = "<group>"; };
		45445D99256E326300FCD807 /* Base */ = {isa = PBXFileReference; lastKnownFileType = file.storyboard; name = Base; path = Base.lproj/Main.storyboard; sourceTree = "<group>"; };
		45445D9B256E326E00FCD807 /* Assets.xcassets */ = {isa = PBXFileReference; lastKnownFileType = folder.assetcatalog; path = Assets.xcassets; sourceTree = "<group>"; };
		45445D9E256E326E00FCD807 /* Base */ = {isa = PBXFileReference; lastKnownFileType = file.storyboard; name = Base; path = Base.lproj/LaunchScreen.storyboard; sourceTree = "<group>"; };
		45445DA0256E326E00FCD807 /* Info.plist */ = {isa = PBXFileReference; lastKnownFileType = text.plist.xml; path = Info.plist; sourceTree = "<group>"; };
		45445DC8256E6DB900FCD807 /* UIPreferenceButton.swift */ = {isa = PBXFileReference; lastKnownFileType = sourcecode.swift; path = UIPreferenceButton.swift; sourceTree = "<group>"; };
		455F7800256F914A00137897 /* Colours.swift */ = {isa = PBXFileReference; lastKnownFileType = sourcecode.swift; path = Colours.swift; sourceTree = "<group>"; };
		4575AC51256FA799006CF008 /* RecipeCollectionViewCell.swift */ = {isa = PBXFileReference; lastKnownFileType = sourcecode.swift; path = RecipeCollectionViewCell.swift; sourceTree = "<group>"; };
		45AB097425720DB500C926A1 /* RecipeSearchViewController.swift */ = {isa = PBXFileReference; lastKnownFileType = sourcecode.swift; path = RecipeSearchViewController.swift; sourceTree = "<group>"; };
		45AB097825721FD000C926A1 /* RecipeDetailsViewController.swift */ = {isa = PBXFileReference; lastKnownFileType = sourcecode.swift; path = RecipeDetailsViewController.swift; sourceTree = "<group>"; };
		482124782570BF8C00EE5F9D /* PreferencesViewController.swift */ = {isa = PBXFileReference; lastKnownFileType = sourcecode.swift; path = PreferencesViewController.swift; sourceTree = "<group>"; };
		4821247B2570C21E00EE5F9D /* GetStartedViewController.swift */ = {isa = PBXFileReference; lastKnownFileType = sourcecode.swift; path = GetStartedViewController.swift; sourceTree = "<group>"; };
		662605DBAA72ECBC048CA57C /* Pods-Recipe App.release.xcconfig */ = {isa = PBXFileReference; includeInIndex = 1; lastKnownFileType = text.xcconfig; name = "Pods-Recipe App.release.xcconfig"; path = "Target Support Files/Pods-Recipe App/Pods-Recipe App.release.xcconfig"; sourceTree = "<group>"; };
		726A0266464E211981D39DAE /* Pods-Recipe App.debug.xcconfig */ = {isa = PBXFileReference; includeInIndex = 1; lastKnownFileType = text.xcconfig; name = "Pods-Recipe App.debug.xcconfig"; path = "Target Support Files/Pods-Recipe App/Pods-Recipe App.debug.xcconfig"; sourceTree = "<group>"; };
/* End PBXFileReference section */

/* Begin PBXFrameworksBuildPhase section */
		45445D8C256E326300FCD807 /* Frameworks */ = {
			isa = PBXFrameworksBuildPhase;
			buildActionMask = 2147483647;
			files = (
				0144DEA8B93D2DFB9120FD55 /* Pods_Recipe_App.framework in Frameworks */,
			);
			runOnlyForDeploymentPostprocessing = 0;
		};
/* End PBXFrameworksBuildPhase section */

/* Begin PBXGroup section */
		45445D86256E326200FCD807 = {
			isa = PBXGroup;
			children = (
				45445D91256E326300FCD807 /* Recipe App */,
				45445D90256E326300FCD807 /* Products */,
				4B7F1EDF4DCDDF392331D65F /* Pods */,
				8FAE336520C8700A8C206A36 /* Frameworks */,
			);
			sourceTree = "<group>";
		};
		45445D90256E326300FCD807 /* Products */ = {
			isa = PBXGroup;
			children = (
				45445D8F256E326300FCD807 /* Recipe App.app */,
			);
			name = Products;
			sourceTree = "<group>";
		};
		45445D91256E326300FCD807 /* Recipe App */ = {
			isa = PBXGroup;
			children = (
				45445D92256E326300FCD807 /* AppDelegate.swift */,
				45445D94256E326300FCD807 /* SceneDelegate.swift */,
				45445D96256E326300FCD807 /* RecipeViewController.swift */,
				45AB097425720DB500C926A1 /* RecipeSearchViewController.swift */,
				45AB097825721FD000C926A1 /* RecipeDetailsViewController.swift */,
				4575AC51256FA799006CF008 /* RecipeCollectionViewCell.swift */,
				453A0B992573374B00E324BE /* Recipe.swift */,
				453A0B9C2573428000E324BE /* API Keys.swift */,
				482124782570BF8C00EE5F9D /* PreferencesViewController.swift */,
				45445DC8256E6DB900FCD807 /* UIPreferenceButton.swift */,
				4821247B2570C21E00EE5F9D /* GetStartedViewController.swift */,
				455F7800256F914A00137897 /* Colours.swift */,
				45445D98256E326300FCD807 /* Main.storyboard */,
				45445D9B256E326E00FCD807 /* Assets.xcassets */,
				45445D9D256E326E00FCD807 /* LaunchScreen.storyboard */,
				45445DA0256E326E00FCD807 /* Info.plist */,
			);
			path = "Recipe App";
			sourceTree = "<group>";
		};
		4B7F1EDF4DCDDF392331D65F /* Pods */ = {
			isa = PBXGroup;
			children = (
				726A0266464E211981D39DAE /* Pods-Recipe App.debug.xcconfig */,
				662605DBAA72ECBC048CA57C /* Pods-Recipe App.release.xcconfig */,
			);
			name = Pods;
			path = Pods;
			sourceTree = "<group>";
		};
		8FAE336520C8700A8C206A36 /* Frameworks */ = {
			isa = PBXGroup;
			children = (
				3029D660D318EA31437893AD /* Pods_Recipe_App.framework */,
			);
			name = Frameworks;
			sourceTree = "<group>";
		};
/* End PBXGroup section */

/* Begin PBXNativeTarget section */
		45445D8E256E326300FCD807 /* Recipe App */ = {
			isa = PBXNativeTarget;
			buildConfigurationList = 45445DA3256E326E00FCD807 /* Build configuration list for PBXNativeTarget "Recipe App" */;
			buildPhases = (
				8247E92F16D5B4C61D3536EE /* [CP] Check Pods Manifest.lock */,
				45445D8B256E326300FCD807 /* Sources */,
				45445D8C256E326300FCD807 /* Frameworks */,
				45445D8D256E326300FCD807 /* Resources */,
				FFEAF2014BFE372E6E517474 /* [CP] Embed Pods Frameworks */,
			);
			buildRules = (
			);
			dependencies = (
			);
			name = "Recipe App";
			productName = "Recipe App";
			productReference = 45445D8F256E326300FCD807 /* Recipe App.app */;
			productType = "com.apple.product-type.application";
		};
/* End PBXNativeTarget section */

/* Begin PBXProject section */
		45445D87256E326300FCD807 /* Project object */ = {
			isa = PBXProject;
			attributes = {
				LastSwiftUpdateCheck = 1220;
				LastUpgradeCheck = 1220;
				TargetAttributes = {
					45445D8E256E326300FCD807 = {
						CreatedOnToolsVersion = 12.2;
					};
				};
			};
			buildConfigurationList = 45445D8A256E326300FCD807 /* Build configuration list for PBXProject "Recipe App" */;
			compatibilityVersion = "Xcode 9.3";
			developmentRegion = en;
			hasScannedForEncodings = 0;
			knownRegions = (
				en,
				Base,
			);
			mainGroup = 45445D86256E326200FCD807;
			productRefGroup = 45445D90256E326300FCD807 /* Products */;
			projectDirPath = "";
			projectRoot = "";
			targets = (
				45445D8E256E326300FCD807 /* Recipe App */,
			);
		};
/* End PBXProject section */

/* Begin PBXResourcesBuildPhase section */
		45445D8D256E326300FCD807 /* Resources */ = {
			isa = PBXResourcesBuildPhase;
			buildActionMask = 2147483647;
			files = (
				45445D9F256E326E00FCD807 /* LaunchScreen.storyboard in Resources */,
				45445D9C256E326E00FCD807 /* Assets.xcassets in Resources */,
				45445D9A256E326300FCD807 /* Main.storyboard in Resources */,
			);
			runOnlyForDeploymentPostprocessing = 0;
		};
/* End PBXResourcesBuildPhase section */

/* Begin PBXShellScriptBuildPhase section */
		8247E92F16D5B4C61D3536EE /* [CP] Check Pods Manifest.lock */ = {
			isa = PBXShellScriptBuildPhase;
			buildActionMask = 2147483647;
			files = (
			);
			inputFileListPaths = (
			);
			inputPaths = (
				"${PODS_PODFILE_DIR_PATH}/Podfile.lock",
				"${PODS_ROOT}/Manifest.lock",
			);
			name = "[CP] Check Pods Manifest.lock";
			outputFileListPaths = (
			);
			outputPaths = (
				"$(DERIVED_FILE_DIR)/Pods-Recipe App-checkManifestLockResult.txt",
			);
			runOnlyForDeploymentPostprocessing = 0;
			shellPath = /bin/sh;
			shellScript = "diff \"${PODS_PODFILE_DIR_PATH}/Podfile.lock\" \"${PODS_ROOT}/Manifest.lock\" > /dev/null\nif [ $? != 0 ] ; then\n    # print error to STDERR\n    echo \"error: The sandbox is not in sync with the Podfile.lock. Run 'pod install' or update your CocoaPods installation.\" >&2\n    exit 1\nfi\n# This output is used by Xcode 'outputs' to avoid re-running this script phase.\necho \"SUCCESS\" > \"${SCRIPT_OUTPUT_FILE_0}\"\n";
			showEnvVarsInLog = 0;
		};
		FFEAF2014BFE372E6E517474 /* [CP] Embed Pods Frameworks */ = {
			isa = PBXShellScriptBuildPhase;
			buildActionMask = 2147483647;
			files = (
			);
			inputFileListPaths = (
				"${PODS_ROOT}/Target Support Files/Pods-Recipe App/Pods-Recipe App-frameworks-${CONFIGURATION}-input-files.xcfilelist",
			);
			name = "[CP] Embed Pods Frameworks";
			outputFileListPaths = (
				"${PODS_ROOT}/Target Support Files/Pods-Recipe App/Pods-Recipe App-frameworks-${CONFIGURATION}-output-files.xcfilelist",
			);
			runOnlyForDeploymentPostprocessing = 0;
			shellPath = /bin/sh;
			shellScript = "\"${PODS_ROOT}/Target Support Files/Pods-Recipe App/Pods-Recipe App-frameworks.sh\"\n";
			showEnvVarsInLog = 0;
		};
/* End PBXShellScriptBuildPhase section */

/* Begin PBXSourcesBuildPhase section */
		45445D8B256E326300FCD807 /* Sources */ = {
			isa = PBXSourcesBuildPhase;
			buildActionMask = 2147483647;
			files = (
				4575AC52256FA799006CF008 /* RecipeCollectionViewCell.swift in Sources */,
				45445DC9256E6DB900FCD807 /* UIPreferenceButton.swift in Sources */,
				455F7801256F914B00137897 /* Colours.swift in Sources */,
				45AB097925721FD000C926A1 /* RecipeDetailsViewController.swift in Sources */,
				45AB097525720DB500C926A1 /* RecipeSearchViewController.swift in Sources */,
				45445D97256E326300FCD807 /* RecipeViewController.swift in Sources */,
				482124792570BF8C00EE5F9D /* PreferencesViewController.swift in Sources */,
				453A0B9D2573428100E324BE /* API Keys.swift in Sources */,
				45445D93256E326300FCD807 /* AppDelegate.swift in Sources */,
				45445D95256E326300FCD807 /* SceneDelegate.swift in Sources */,
				4821247C2570C21E00EE5F9D /* GetStartedViewController.swift in Sources */,
				453A0B9A2573374B00E324BE /* Recipe.swift in Sources */,
			);
			runOnlyForDeploymentPostprocessing = 0;
		};
/* End PBXSourcesBuildPhase section */

/* Begin PBXVariantGroup section */
		45445D98256E326300FCD807 /* Main.storyboard */ = {
			isa = PBXVariantGroup;
			children = (
				45445D99256E326300FCD807 /* Base */,
			);
			name = Main.storyboard;
			sourceTree = "<group>";
		};
		45445D9D256E326E00FCD807 /* LaunchScreen.storyboard */ = {
			isa = PBXVariantGroup;
			children = (
				45445D9E256E326E00FCD807 /* Base */,
			);
			name = LaunchScreen.storyboard;
			sourceTree = "<group>";
		};
/* End PBXVariantGroup section */

/* Begin XCBuildConfiguration section */
		45445DA1256E326E00FCD807 /* Debug */ = {
			isa = XCBuildConfiguration;
			buildSettings = {
				ALWAYS_SEARCH_USER_PATHS = NO;
				CLANG_ANALYZER_NONNULL = YES;
				CLANG_ANALYZER_NUMBER_OBJECT_CONVERSION = YES_AGGRESSIVE;
				CLANG_CXX_LANGUAGE_STANDARD = "gnu++14";
				CLANG_CXX_LIBRARY = "libc++";
				CLANG_ENABLE_MODULES = YES;
				CLANG_ENABLE_OBJC_ARC = YES;
				CLANG_ENABLE_OBJC_WEAK = YES;
				CLANG_WARN_BLOCK_CAPTURE_AUTORELEASING = YES;
				CLANG_WARN_BOOL_CONVERSION = YES;
				CLANG_WARN_COMMA = YES;
				CLANG_WARN_CONSTANT_CONVERSION = YES;
				CLANG_WARN_DEPRECATED_OBJC_IMPLEMENTATIONS = YES;
				CLANG_WARN_DIRECT_OBJC_ISA_USAGE = YES_ERROR;
				CLANG_WARN_DOCUMENTATION_COMMENTS = YES;
				CLANG_WARN_EMPTY_BODY = YES;
				CLANG_WARN_ENUM_CONVERSION = YES;
				CLANG_WARN_INFINITE_RECURSION = YES;
				CLANG_WARN_INT_CONVERSION = YES;
				CLANG_WARN_NON_LITERAL_NULL_CONVERSION = YES;
				CLANG_WARN_OBJC_IMPLICIT_RETAIN_SELF = YES;
				CLANG_WARN_OBJC_LITERAL_CONVERSION = YES;
				CLANG_WARN_OBJC_ROOT_CLASS = YES_ERROR;
				CLANG_WARN_QUOTED_INCLUDE_IN_FRAMEWORK_HEADER = YES;
				CLANG_WARN_RANGE_LOOP_ANALYSIS = YES;
				CLANG_WARN_STRICT_PROTOTYPES = YES;
				CLANG_WARN_SUSPICIOUS_MOVE = YES;
				CLANG_WARN_UNGUARDED_AVAILABILITY = YES_AGGRESSIVE;
				CLANG_WARN_UNREACHABLE_CODE = YES;
				CLANG_WARN__DUPLICATE_METHOD_MATCH = YES;
				COPY_PHASE_STRIP = NO;
				DEBUG_INFORMATION_FORMAT = dwarf;
				ENABLE_STRICT_OBJC_MSGSEND = YES;
				ENABLE_TESTABILITY = YES;
				GCC_C_LANGUAGE_STANDARD = gnu11;
				GCC_DYNAMIC_NO_PIC = NO;
				GCC_NO_COMMON_BLOCKS = YES;
				GCC_OPTIMIZATION_LEVEL = 0;
				GCC_PREPROCESSOR_DEFINITIONS = (
					"DEBUG=1",
					"$(inherited)",
				);
				GCC_WARN_64_TO_32_BIT_CONVERSION = YES;
				GCC_WARN_ABOUT_RETURN_TYPE = YES_ERROR;
				GCC_WARN_UNDECLARED_SELECTOR = YES;
				GCC_WARN_UNINITIALIZED_AUTOS = YES_AGGRESSIVE;
				GCC_WARN_UNUSED_FUNCTION = YES;
				GCC_WARN_UNUSED_VARIABLE = YES;
				IPHONEOS_DEPLOYMENT_TARGET = 14.2;
				MTL_ENABLE_DEBUG_INFO = INCLUDE_SOURCE;
				MTL_FAST_MATH = YES;
				ONLY_ACTIVE_ARCH = YES;
				SDKROOT = iphoneos;
				SWIFT_ACTIVE_COMPILATION_CONDITIONS = DEBUG;
				SWIFT_OPTIMIZATION_LEVEL = "-Onone";
			};
			name = Debug;
		};
		45445DA2256E326E00FCD807 /* Release */ = {
			isa = XCBuildConfiguration;
			buildSettings = {
				ALWAYS_SEARCH_USER_PATHS = NO;
				CLANG_ANALYZER_NONNULL = YES;
				CLANG_ANALYZER_NUMBER_OBJECT_CONVERSION = YES_AGGRESSIVE;
				CLANG_CXX_LANGUAGE_STANDARD = "gnu++14";
				CLANG_CXX_LIBRARY = "libc++";
				CLANG_ENABLE_MODULES = YES;
				CLANG_ENABLE_OBJC_ARC = YES;
				CLANG_ENABLE_OBJC_WEAK = YES;
				CLANG_WARN_BLOCK_CAPTURE_AUTORELEASING = YES;
				CLANG_WARN_BOOL_CONVERSION = YES;
				CLANG_WARN_COMMA = YES;
				CLANG_WARN_CONSTANT_CONVERSION = YES;
				CLANG_WARN_DEPRECATED_OBJC_IMPLEMENTATIONS = YES;
				CLANG_WARN_DIRECT_OBJC_ISA_USAGE = YES_ERROR;
				CLANG_WARN_DOCUMENTATION_COMMENTS = YES;
				CLANG_WARN_EMPTY_BODY = YES;
				CLANG_WARN_ENUM_CONVERSION = YES;
				CLANG_WARN_INFINITE_RECURSION = YES;
				CLANG_WARN_INT_CONVERSION = YES;
				CLANG_WARN_NON_LITERAL_NULL_CONVERSION = YES;
				CLANG_WARN_OBJC_IMPLICIT_RETAIN_SELF = YES;
				CLANG_WARN_OBJC_LITERAL_CONVERSION = YES;
				CLANG_WARN_OBJC_ROOT_CLASS = YES_ERROR;
				CLANG_WARN_QUOTED_INCLUDE_IN_FRAMEWORK_HEADER = YES;
				CLANG_WARN_RANGE_LOOP_ANALYSIS = YES;
				CLANG_WARN_STRICT_PROTOTYPES = YES;
				CLANG_WARN_SUSPICIOUS_MOVE = YES;
				CLANG_WARN_UNGUARDED_AVAILABILITY = YES_AGGRESSIVE;
				CLANG_WARN_UNREACHABLE_CODE = YES;
				CLANG_WARN__DUPLICATE_METHOD_MATCH = YES;
				COPY_PHASE_STRIP = NO;
				DEBUG_INFORMATION_FORMAT = "dwarf-with-dsym";
				ENABLE_NS_ASSERTIONS = NO;
				ENABLE_STRICT_OBJC_MSGSEND = YES;
				GCC_C_LANGUAGE_STANDARD = gnu11;
				GCC_NO_COMMON_BLOCKS = YES;
				GCC_WARN_64_TO_32_BIT_CONVERSION = YES;
				GCC_WARN_ABOUT_RETURN_TYPE = YES_ERROR;
				GCC_WARN_UNDECLARED_SELECTOR = YES;
				GCC_WARN_UNINITIALIZED_AUTOS = YES_AGGRESSIVE;
				GCC_WARN_UNUSED_FUNCTION = YES;
				GCC_WARN_UNUSED_VARIABLE = YES;
				IPHONEOS_DEPLOYMENT_TARGET = 14.2;
				MTL_ENABLE_DEBUG_INFO = NO;
				MTL_FAST_MATH = YES;
				SDKROOT = iphoneos;
				SWIFT_COMPILATION_MODE = wholemodule;
				SWIFT_OPTIMIZATION_LEVEL = "-O";
				VALIDATE_PRODUCT = YES;
			};
			name = Release;
		};
		45445DA4256E326E00FCD807 /* Debug */ = {
			isa = XCBuildConfiguration;
			baseConfigurationReference = 726A0266464E211981D39DAE /* Pods-Recipe App.debug.xcconfig */;
			buildSettings = {
				ASSETCATALOG_COMPILER_APPICON_NAME = AppIcon;
				ASSETCATALOG_COMPILER_GLOBAL_ACCENT_COLOR_NAME = AccentColor;
				CODE_SIGN_STYLE = Automatic;
				DEVELOPMENT_TEAM = D6P63P8K62;
				INFOPLIST_FILE = "Recipe App/Info.plist";
				LD_RUNPATH_SEARCH_PATHS = (
					"$(inherited)",
					"@executable_path/Frameworks",
				);
				PRODUCT_BUNDLE_IDENTIFIER = "test.Recipe-App";
				PRODUCT_NAME = "$(TARGET_NAME)";
				SWIFT_VERSION = 5.0;
				TARGETED_DEVICE_FAMILY = "1,2";
			};
			name = Debug;
		};
		45445DA5256E326E00FCD807 /* Release */ = {
			isa = XCBuildConfiguration;
			baseConfigurationReference = 662605DBAA72ECBC048CA57C /* Pods-Recipe App.release.xcconfig */;
			buildSettings = {
				ASSETCATALOG_COMPILER_APPICON_NAME = AppIcon;
				ASSETCATALOG_COMPILER_GLOBAL_ACCENT_COLOR_NAME = AccentColor;
				CODE_SIGN_STYLE = Automatic;
				DEVELOPMENT_TEAM = D6P63P8K62;
				INFOPLIST_FILE = "Recipe App/Info.plist";
				LD_RUNPATH_SEARCH_PATHS = (
					"$(inherited)",
					"@executable_path/Frameworks",
				);
				PRODUCT_BUNDLE_IDENTIFIER = "test.Recipe-App";
				PRODUCT_NAME = "$(TARGET_NAME)";
				SWIFT_VERSION = 5.0;
				TARGETED_DEVICE_FAMILY = "1,2";
			};
			name = Release;
		};
/* End XCBuildConfiguration section */

/* Begin XCConfigurationList section */
		45445D8A256E326300FCD807 /* Build configuration list for PBXProject "Recipe App" */ = {
			isa = XCConfigurationList;
			buildConfigurations = (
				45445DA1256E326E00FCD807 /* Debug */,
				45445DA2256E326E00FCD807 /* Release */,
			);
			defaultConfigurationIsVisible = 0;
			defaultConfigurationName = Release;
		};
		45445DA3256E326E00FCD807 /* Build configuration list for PBXNativeTarget "Recipe App" */ = {
			isa = XCConfigurationList;
			buildConfigurations = (
				45445DA4256E326E00FCD807 /* Debug */,
				45445DA5256E326E00FCD807 /* Release */,
			);
			defaultConfigurationIsVisible = 0;
			defaultConfigurationName = Release;
		};
/* End XCConfigurationList section */
	};
	rootObject = 45445D87256E326300FCD807 /* Project object */;
}
